
Microsoft Visual Studio Solution File, Format Version 12.00
# Visual Studio 15
VisualStudioVersion = 15.0.28010.2048
MinimumVisualStudioVersion = 10.0.40219.1
Project("{FAE04EC0-301F-11D3-BF4B-00C04F79EFBC}") = "Assignment4", "Assignment4.csproj", "{88E72245-CFD7-42C4-B8AE-65ED3A32E2DC}"
EndProject
Global
	GlobalSection(SolutionConfigurationPlatforms) = preSolution
		Debug|Any CPU = Debug|Any CPU
		Release|Any CPU = Release|Any CPU
	EndGlobalSection
	GlobalSection(ProjectConfigurationPlatforms) = postSolution
		{88E72245-CFD7-42C4-B8AE-65ED3A32E2DC}.Debug|Any CPU.ActiveCfg = Debug|Any CPU
		{88E72245-CFD7-42C4-B8AE-65ED3A32E2DC}.Debug|Any CPU.Build.0 = Debug|Any CPU
		{88E72245-CFD7-42C4-B8AE-65ED3A32E2DC}.Release|Any CPU.ActiveCfg = Release|Any CPU
		{88E72245-CFD7-42C4-B8AE-65ED3A32E2DC}.Release|Any CPU.Build.0 = Release|Any CPU
	EndGlobalSection
	GlobalSection(SolutionProperties) = preSolution
		HideSolutionNode = FALSE
	EndGlobalSection
	GlobalSection(ExtensibilityGlobals) = postSolution
		SolutionGuid = {ECDAB0DC-7918-4B2A-B4D5-D8A4A02F85A4}
	EndGlobalSection
EndGlobal
