
Microsoft Visual Studio Solution File, Format Version 12.00
# Visual Studio 15
VisualStudioVersion = 15.0.28010.2048
MinimumVisualStudioVersion = 10.0.40219.1
Project("{FAE04EC0-301F-11D3-BF4B-00C04F79EFBC}") = "Assignment5", "Assignment5.csproj", "{CA70338D-DB16-4AFF-95AD-7F3069F63F6C}"
EndProject
Global
	GlobalSection(SolutionConfigurationPlatforms) = preSolution
		Debug|Any CPU = Debug|Any CPU
		Release|Any CPU = Release|Any CPU
	EndGlobalSection
	GlobalSection(ProjectConfigurationPlatforms) = postSolution
		{CA70338D-DB16-4AFF-95AD-7F3069F63F6C}.Debug|Any CPU.ActiveCfg = Debug|Any CPU
		{CA70338D-DB16-4AFF-95AD-7F3069F63F6C}.Debug|Any CPU.Build.0 = Debug|Any CPU
		{CA70338D-DB16-4AFF-95AD-7F3069F63F6C}.Release|Any CPU.ActiveCfg = Release|Any CPU
		{CA70338D-DB16-4AFF-95AD-7F3069F63F6C}.Release|Any CPU.Build.0 = Release|Any CPU
	EndGlobalSection
	GlobalSection(SolutionProperties) = preSolution
		HideSolutionNode = FALSE
	EndGlobalSection
	GlobalSection(ExtensibilityGlobals) = postSolution
		SolutionGuid = {E079741B-F34C-417F-A7EA-E4FC2B5F26AA}
	EndGlobalSection
EndGlobal
